
Microsoft Visual Studio Solution File, Format Version 12.00
# Visual Studio 2013
VisualStudioVersion = 12.0.40629.0
MinimumVisualStudioVersion = 10.0.40219.1
Project("{FAE04EC0-301F-11D3-BF4B-00C04F79EFBC}") = "File Forge", "File Forge.csproj", "{9280E4CA-4F62-4F62-817E-B26E4FFC6157}"
EndProject
Project("{FAE04EC0-301F-11D3-BF4B-00C04F79EFBC}") = "Testworks", "Testworks\Testworks.csproj", "{14ADFDA9-2227-4438-A484-DB050E0ED846}"
EndProject
Global
	GlobalSection(SolutionConfigurationPlatforms) = preSolution
		Debug|Any CPU = Debug|Any CPU
		Release|Any CPU = Release|Any CPU
	EndGlobalSection
	GlobalSection(ProjectConfigurationPlatforms) = postSolution
		{9280E4CA-4F62-4F62-817E-B26E4FFC6157}.Debug|Any CPU.ActiveCfg = Debug|Any CPU
		{9280E4CA-4F62-4F62-817E-B26E4FFC6157}.Debug|Any CPU.Build.0 = Debug|Any CPU
		{9280E4CA-4F62-4F62-817E-B26E4FFC6157}.Release|Any CPU.ActiveCfg = Release|Any CPU
		{9280E4CA-4F62-4F62-817E-B26E4FFC6157}.Release|Any CPU.Build.0 = Release|Any CPU
		{14ADFDA9-2227-4438-A484-DB050E0ED846}.Debug|Any CPU.ActiveCfg = Debug|Any CPU
		{14ADFDA9-2227-4438-A484-DB050E0ED846}.Debug|Any CPU.Build.0 = Debug|Any CPU
		{14ADFDA9-2227-4438-A484-DB050E0ED846}.Release|Any CPU.ActiveCfg = Release|Any CPU
		{14ADFDA9-2227-4438-A484-DB050E0ED846}.Release|Any CPU.Build.0 = Release|Any CPU
	EndGlobalSection
	GlobalSection(SolutionProperties) = preSolution
		HideSolutionNode = FALSE
	EndGlobalSection
EndGlobal
